
Microsoft Visual Studio Solution File, Format Version 12.00
# Visual Studio Version 17
VisualStudioVersion = 17.13.35931.197 d17.13
MinimumVisualStudioVersion = 10.0.40219.1
Project("{FAE04EC0-301F-11D3-BF4B-00C04F79EFBC}") = "LINQ", "LINQ\LINQ.csproj", "{FF1B5875-A85A-44AC-9734-2847A71B4E0E}"
EndProject
Global
	GlobalSection(SolutionConfigurationPlatforms) = preSolution
		Debug|Any CPU = Debug|Any CPU
		Release|Any CPU = Release|Any CPU
	EndGlobalSection
	GlobalSection(ProjectConfigurationPlatforms) = postSolution
		{FF1B5875-A85A-44AC-9734-2847A71B4E0E}.Debug|Any CPU.ActiveCfg = Debug|Any CPU
		{FF1B5875-A85A-44AC-9734-2847A71B4E0E}.Debug|Any CPU.Build.0 = Debug|Any CPU
		{FF1B5875-A85A-44AC-9734-2847A71B4E0E}.Release|Any CPU.ActiveCfg = Release|Any CPU
		{FF1B5875-A85A-44AC-9734-2847A71B4E0E}.Release|Any CPU.Build.0 = Release|Any CPU
	EndGlobalSection
	GlobalSection(SolutionProperties) = preSolution
		HideSolutionNode = FALSE
	EndGlobalSection
	GlobalSection(ExtensibilityGlobals) = postSolution
		SolutionGuid = {FE5654BA-B3AD-496C-9C4C-5EBBB753D0B5}
	EndGlobalSection
EndGlobal
